
Microsoft Visual Studio Solution File, Format Version 12.00
# Visual Studio Version 17
VisualStudioVersion = 17.7.34031.279
MinimumVisualStudioVersion = 10.0.40219.1
Project("{FAE04EC0-301F-11D3-BF4B-00C04F79EFBC}") = "CarRentalManagement.Server", "CarRentalManagement\Server\CarRentalManagement.Server.csproj", "{496C8AF7-4CC0-43ED-92C0-5FBA98080962}"
EndProject
Project("{FAE04EC0-301F-11D3-BF4B-00C04F79EFBC}") = "CarRentalManagement.Client", "CarRentalManagement\Client\CarRentalManagement.Client.csproj", "{9827A092-5DB6-4BF1-828C-E41C96E0A7F2}"
EndProject
Project("{FAE04EC0-301F-11D3-BF4B-00C04F79EFBC}") = "CarRentalManagement.Shared", "CarRentalManagement\Shared\CarRentalManagement.Shared.csproj", "{7419E27E-1DB2-4268-918B-1C08CBAAB76C}"
EndProject
Global
	GlobalSection(SolutionConfigurationPlatforms) = preSolution
		Debug|Any CPU = Debug|Any CPU
		Release|Any CPU = Release|Any CPU
	EndGlobalSection
	GlobalSection(ProjectConfigurationPlatforms) = postSolution
		{496C8AF7-4CC0-43ED-92C0-5FBA98080962}.Debug|Any CPU.ActiveCfg = Debug|Any CPU
		{496C8AF7-4CC0-43ED-92C0-5FBA98080962}.Debug|Any CPU.Build.0 = Debug|Any CPU
		{496C8AF7-4CC0-43ED-92C0-5FBA98080962}.Release|Any CPU.ActiveCfg = Release|Any CPU
		{496C8AF7-4CC0-43ED-92C0-5FBA98080962}.Release|Any CPU.Build.0 = Release|Any CPU
		{9827A092-5DB6-4BF1-828C-E41C96E0A7F2}.Debug|Any CPU.ActiveCfg = Debug|Any CPU
		{9827A092-5DB6-4BF1-828C-E41C96E0A7F2}.Debug|Any CPU.Build.0 = Debug|Any CPU
		{9827A092-5DB6-4BF1-828C-E41C96E0A7F2}.Release|Any CPU.ActiveCfg = Release|Any CPU
		{9827A092-5DB6-4BF1-828C-E41C96E0A7F2}.Release|Any CPU.Build.0 = Release|Any CPU
		{7419E27E-1DB2-4268-918B-1C08CBAAB76C}.Debug|Any CPU.ActiveCfg = Debug|Any CPU
		{7419E27E-1DB2-4268-918B-1C08CBAAB76C}.Debug|Any CPU.Build.0 = Debug|Any CPU
		{7419E27E-1DB2-4268-918B-1C08CBAAB76C}.Release|Any CPU.ActiveCfg = Release|Any CPU
		{7419E27E-1DB2-4268-918B-1C08CBAAB76C}.Release|Any CPU.Build.0 = Release|Any CPU
	EndGlobalSection
	GlobalSection(SolutionProperties) = preSolution
		HideSolutionNode = FALSE
	EndGlobalSection
	GlobalSection(ExtensibilityGlobals) = postSolution
		SolutionGuid = {C778ED2D-B62F-487E-8E9A-84947960AD5E}
	EndGlobalSection
EndGlobal
